// !$*UTF8*$!
{
	archiveVersion = 1;
	classes = {
	};
	objectVersion = 46;
	objects = {

/* Begin PBXBuildFile section */
		6C61BA536BE90F41EE734B43 /* Pods_FitNess.framework in Frameworks */ = {isa = PBXBuildFile; fileRef = 05A6F6F7BDBBF7F6E737FB6E /* Pods_FitNess.framework */; };
		B0456AFF1F0A4B9600280B13 /* UIButton+DYBlock.m in Sources */ = {isa = PBXBuildFile; fileRef = B0456AFE1F0A4B9600280B13 /* UIButton+DYBlock.m */; };
		B0456B021F0A4E9D00280B13 /* UIButton+DYCountDown.m in Sources */ = {isa = PBXBuildFile; fileRef = B0456B011F0A4E9D00280B13 /* UIButton+DYCountDown.m */; };
		B0456B051F0A4EF000280B13 /* UIButton+DYImagePosition.m in Sources */ = {isa = PBXBuildFile; fileRef = B0456B041F0A4EF000280B13 /* UIButton+DYImagePosition.m */; };
		B0456B0B1F0A507500280B13 /* UIColor+DYUtils.m in Sources */ = {isa = PBXBuildFile; fileRef = B0456B0A1F0A507500280B13 /* UIColor+DYUtils.m */; };
		B0456B0E1F0A510700280B13 /* UIDevice+DYUtils.m in Sources */ = {isa = PBXBuildFile; fileRef = B0456B0D1F0A510700280B13 /* UIDevice+DYUtils.m */; };
		B0456B111F0A520700280B13 /* UIImage+DYUtils.m in Sources */ = {isa = PBXBuildFile; fileRef = B0456B101F0A520700280B13 /* UIImage+DYUtils.m */; };
		B0456B171F0B2A3200280B13 /* AppDelegate+AWS.m in Sources */ = {isa = PBXBuildFile; fileRef = B0456B161F0B2A3200280B13 /* AppDelegate+AWS.m */; };
		B0456B3C1F0B329B00280B13 /* ASValuePopUpView.m in Sources */ = {isa = PBXBuildFile; fileRef = B0456B231F0B329B00280B13 /* ASValuePopUpView.m */; };
		B0456B3D1F0B329B00280B13 /* ASValueTrackingSlider.m in Sources */ = {isa = PBXBuildFile; fileRef = B0456B251F0B329B00280B13 /* ASValueTrackingSlider.m */; };
		B0456B3E1F0B329B00280B13 /* UINavigationController+ZFPlayerRotation.m in Sources */ = {isa = PBXBuildFile; fileRef = B0456B281F0B329B00280B13 /* UINavigationController+ZFPlayerRotation.m */; };
		B0456B3F1F0B329B00280B13 /* UITabBarController+ZFPlayerRotation.m in Sources */ = {isa = PBXBuildFile; fileRef = B0456B2A1F0B329B00280B13 /* UITabBarController+ZFPlayerRotation.m */; };
		B0456B401F0B329B00280B13 /* UIView+CustomControlView.m in Sources */ = {isa = PBXBuildFile; fileRef = B0456B2C1F0B329B00280B13 /* UIView+CustomControlView.m */; };
		B0456B411F0B329B00280B13 /* UIViewController+ZFPlayerRotation.m in Sources */ = {isa = PBXBuildFile; fileRef = B0456B2E1F0B329B00280B13 /* UIViewController+ZFPlayerRotation.m */; };
		B0456B421F0B329B00280B13 /* MMMaterialDesignSpinner.m in Sources */ = {isa = PBXBuildFile; fileRef = B0456B301F0B329B00280B13 /* MMMaterialDesignSpinner.m */; };
		B0456B441F0B329B00280B13 /* ZFPlayer.bundle in Resources */ = {isa = PBXBuildFile; fileRef = B0456B331F0B329B00280B13 /* ZFPlayer.bundle */; };
		B0456B451F0B329B00280B13 /* ZFPlayerControlView.m in Sources */ = {isa = PBXBuildFile; fileRef = B0456B361F0B329B00280B13 /* ZFPlayerControlView.m */; };
		B0456B461F0B329B00280B13 /* ZFPlayerModel.m in Sources */ = {isa = PBXBuildFile; fileRef = B0456B391F0B329B00280B13 /* ZFPlayerModel.m */; };
		B0456B471F0B329B00280B13 /* ZFPlayerView.m in Sources */ = {isa = PBXBuildFile; fileRef = B0456B3B1F0B329B00280B13 /* ZFPlayerView.m */; };
		B0456B521F0B340200280B13 /* DYHomeCell.m in Sources */ = {isa = PBXBuildFile; fileRef = B0456B511F0B340200280B13 /* DYHomeCell.m */; };
		B0456B931F0B698D00280B13 /* DYLoginViewController.m in Sources */ = {isa = PBXBuildFile; fileRef = B0456B921F0B698D00280B13 /* DYLoginViewController.m */; };
		B0456B961F0B69AC00280B13 /* DYRegisterViewController.m in Sources */ = {isa = PBXBuildFile; fileRef = B0456B951F0B69AC00280B13 /* DYRegisterViewController.m */; };
		B0456B9F1F0B6B8700280B13 /* DYLoginView.m in Sources */ = {isa = PBXBuildFile; fileRef = B0456B9E1F0B6B8700280B13 /* DYLoginView.m */; };
		B0456BA21F0B6C3E00280B13 /* UIViewController+SH.m in Sources */ = {isa = PBXBuildFile; fileRef = B0456BA11F0B6C3E00280B13 /* UIViewController+SH.m */; };
		B0456BA51F0B7DD700280B13 /* DYRegisterView.m in Sources */ = {isa = PBXBuildFile; fileRef = B0456BA41F0B7DD700280B13 /* DYRegisterView.m */; };
		B0456BBE1F0CFF6B00280B13 /* ZFBrightnessView.m in Sources */ = {isa = PBXBuildFile; fileRef = B0456BBD1F0CFF6B00280B13 /* ZFBrightnessView.m */; };
		B061750B1F0A5FE00052734F /* UIView+DYCustomBorder.m in Sources */ = {isa = PBXBuildFile; fileRef = B061750A1F0A5FE00052734F /* UIView+DYCustomBorder.m */; };
		B061750E1F0A62130052734F /* UIView+DYFrame.m in Sources */ = {isa = PBXBuildFile; fileRef = B061750D1F0A62130052734F /* UIView+DYFrame.m */; };
		B07300E81F09D7E6006414A0 /* main.m in Sources */ = {isa = PBXBuildFile; fileRef = B07300E71F09D7E6006414A0 /* main.m */; };
		B07300EB1F09D7E6006414A0 /* AppDelegate.m in Sources */ = {isa = PBXBuildFile; fileRef = B07300EA1F09D7E6006414A0 /* AppDelegate.m */; };
		B07300F31F09D7E6006414A0 /* Assets.xcassets in Resources */ = {isa = PBXBuildFile; fileRef = B07300F21F09D7E6006414A0 /* Assets.xcassets */; };
		B07300F61F09D7E6006414A0 /* LaunchScreen.storyboard in Resources */ = {isa = PBXBuildFile; fileRef = B07300F41F09D7E6006414A0 /* LaunchScreen.storyboard */; };
		B07301041F09D90C006414A0 /* DYBaseViewController.m in Sources */ = {isa = PBXBuildFile; fileRef = B07301031F09D90C006414A0 /* DYBaseViewController.m */; };
		B07301081F09D973006414A0 /* DYUserManager.m in Sources */ = {isa = PBXBuildFile; fileRef = B07301071F09D973006414A0 /* DYUserManager.m */; };
		B073010B1F09D9A4006414A0 /* DYCacheManager.m in Sources */ = {isa = PBXBuildFile; fileRef = B073010A1F09D9A4006414A0 /* DYCacheManager.m */; };
		B073010E1F09D9B4006414A0 /* DYMediaManager.m in Sources */ = {isa = PBXBuildFile; fileRef = B073010D1F09D9B4006414A0 /* DYMediaManager.m */; };
		B07301181F09DBE7006414A0 /* AppDelegate+DYUI.m in Sources */ = {isa = PBXBuildFile; fileRef = B07301171F09DBE7006414A0 /* AppDelegate+DYUI.m */; };
		B073011E1F09DE6A006414A0 /* DYBaseJsonModel.m in Sources */ = {isa = PBXBuildFile; fileRef = B073011D1F09DE6A006414A0 /* DYBaseJsonModel.m */; };
		B07301211F09DE91006414A0 /* DYBaseTableViewController.m in Sources */ = {isa = PBXBuildFile; fileRef = B07301201F09DE91006414A0 /* DYBaseTableViewController.m */; };
		B07301251F09E712006414A0 /* UINavigationController+FDFullscreenPopGesture.m in Sources */ = {isa = PBXBuildFile; fileRef = B07301241F09E712006414A0 /* UINavigationController+FDFullscreenPopGesture.m */; };
		B07301351F09ED72006414A0 /* UIViewController+transition.m in Sources */ = {isa = PBXBuildFile; fileRef = B073012D1F09ED72006414A0 /* UIViewController+transition.m */; };
		B07301361F09ED72006414A0 /* YGAnimator.m in Sources */ = {isa = PBXBuildFile; fileRef = B073012F1F09ED72006414A0 /* YGAnimator.m */; };
		B07301371F09ED72006414A0 /* YGInteractor.m in Sources */ = {isa = PBXBuildFile; fileRef = B07301311F09ED72006414A0 /* YGInteractor.m */; };
		B07301381F09ED72006414A0 /* YGTransition.m in Sources */ = {isa = PBXBuildFile; fileRef = B07301331F09ED72006414A0 /* YGTransition.m */; };
		B073019B1F09F3D7006414A0 /* DYHTTPRequest.m in Sources */ = {isa = PBXBuildFile; fileRef = B073019A1F09F3D7006414A0 /* DYHTTPRequest.m */; };
		B073019E1F09F3EA006414A0 /* DYHTTPManager.m in Sources */ = {isa = PBXBuildFile; fileRef = B073019D1F09F3EA006414A0 /* DYHTTPManager.m */; };
		B07301A11F0A1098006414A0 /* DYBaseDrawerViewController.m in Sources */ = {isa = PBXBuildFile; fileRef = B07301A01F0A1098006414A0 /* DYBaseDrawerViewController.m */; };
		B07301A51F0A12CC006414A0 /* DYDrawerViewController.m in Sources */ = {isa = PBXBuildFile; fileRef = B07301A41F0A12CC006414A0 /* DYDrawerViewController.m */; };
		B07301AE1F0A14BE006414A0 /* DYHomeViewController.m in Sources */ = {isa = PBXBuildFile; fileRef = B07301AD1F0A14BE006414A0 /* DYHomeViewController.m */; };
		B07301B11F0A2915006414A0 /* DYDrawerHeaderView.m in Sources */ = {isa = PBXBuildFile; fileRef = B07301B01F0A2915006414A0 /* DYDrawerHeaderView.m */; };
		B07301B41F0A2932006414A0 /* DYDrawerCell.m in Sources */ = {isa = PBXBuildFile; fileRef = B07301B31F0A2932006414A0 /* DYDrawerCell.m */; };
/* End PBXBuildFile section */

/* Begin PBXFileReference section */
		05A6F6F7BDBBF7F6E737FB6E /* Pods_FitNess.framework */ = {isa = PBXFileReference; explicitFileType = wrapper.framework; includeInIndex = 0; path = Pods_FitNess.framework; sourceTree = BUILT_PRODUCTS_DIR; };
		9052986DB863A38EB5CB4697 /* Pods-FitNess.release.xcconfig */ = {isa = PBXFileReference; includeInIndex = 1; lastKnownFileType = text.xcconfig; name = "Pods-FitNess.release.xcconfig"; path = "Pods/Target Support Files/Pods-FitNess/Pods-FitNess.release.xcconfig"; sourceTree = "<group>"; };
		B0456AFD1F0A4B9600280B13 /* UIButton+DYBlock.h */ = {isa = PBXFileReference; fileEncoding = 4; lastKnownFileType = sourcecode.c.h; path = "UIButton+DYBlock.h"; sourceTree = "<group>"; };
		B0456AFE1F0A4B9600280B13 /* UIButton+DYBlock.m */ = {isa = PBXFileReference; fileEncoding = 4; lastKnownFileType = sourcecode.c.objc; path = "UIButton+DYBlock.m"; sourceTree = "<group>"; };
		B0456B001F0A4E9D00280B13 /* UIButton+DYCountDown.h */ = {isa = PBXFileReference; fileEncoding = 4; lastKnownFileType = sourcecode.c.h; path = "UIButton+DYCountDown.h"; sourceTree = "<group>"; };
		B0456B011F0A4E9D00280B13 /* UIButton+DYCountDown.m */ = {isa = PBXFileReference; fileEncoding = 4; lastKnownFileType = sourcecode.c.objc; path = "UIButton+DYCountDown.m"; sourceTree = "<group>"; };
		B0456B031F0A4EF000280B13 /* UIButton+DYImagePosition.h */ = {isa = PBXFileReference; fileEncoding = 4; lastKnownFileType = sourcecode.c.h; path = "UIButton+DYImagePosition.h"; sourceTree = "<group>"; };
		B0456B041F0A4EF000280B13 /* UIButton+DYImagePosition.m */ = {isa = PBXFileReference; fileEncoding = 4; lastKnownFileType = sourcecode.c.objc; path = "UIButton+DYImagePosition.m"; sourceTree = "<group>"; };
		B0456B091F0A507500280B13 /* UIColor+DYUtils.h */ = {isa = PBXFileReference; fileEncoding = 4; lastKnownFileType = sourcecode.c.h; path = "UIColor+DYUtils.h"; sourceTree = "<group>"; };
		B0456B0A1F0A507500280B13 /* UIColor+DYUtils.m */ = {isa = PBXFileReference; fileEncoding = 4; lastKnownFileType = sourcecode.c.objc; path = "UIColor+DYUtils.m"; sourceTree = "<group>"; };
		B0456B0C1F0A510700280B13 /* UIDevice+DYUtils.h */ = {isa = PBXFileReference; fileEncoding = 4; lastKnownFileType = sourcecode.c.h; path = "UIDevice+DYUtils.h"; sourceTree = "<group>"; };
		B0456B0D1F0A510700280B13 /* UIDevice+DYUtils.m */ = {isa = PBXFileReference; fileEncoding = 4; lastKnownFileType = sourcecode.c.objc; path = "UIDevice+DYUtils.m"; sourceTree = "<group>"; };
		B0456B0F1F0A520700280B13 /* UIImage+DYUtils.h */ = {isa = PBXFileReference; fileEncoding = 4; lastKnownFileType = sourcecode.c.h; path = "UIImage+DYUtils.h"; sourceTree = "<group>"; };
		B0456B101F0A520700280B13 /* UIImage+DYUtils.m */ = {isa = PBXFileReference; fileEncoding = 4; lastKnownFileType = sourcecode.c.objc; path = "UIImage+DYUtils.m"; sourceTree = "<group>"; };
		B0456B151F0B2A3200280B13 /* AppDelegate+AWS.h */ = {isa = PBXFileReference; fileEncoding = 4; lastKnownFileType = sourcecode.c.h; path = "AppDelegate+AWS.h"; sourceTree = "<group>"; };
		B0456B161F0B2A3200280B13 /* AppDelegate+AWS.m */ = {isa = PBXFileReference; fileEncoding = 4; lastKnownFileType = sourcecode.c.objc; path = "AppDelegate+AWS.m"; sourceTree = "<group>"; };
		B0456B221F0B329B00280B13 /* ASValuePopUpView.h */ = {isa = PBXFileReference; fileEncoding = 4; lastKnownFileType = sourcecode.c.h; path = ASValuePopUpView.h; sourceTree = "<group>"; };
		B0456B231F0B329B00280B13 /* ASValuePopUpView.m */ = {isa = PBXFileReference; fileEncoding = 4; lastKnownFileType = sourcecode.c.objc; path = ASValuePopUpView.m; sourceTree = "<group>"; };
		B0456B241F0B329B00280B13 /* ASValueTrackingSlider.h */ = {isa = PBXFileReference; fileEncoding = 4; lastKnownFileType = sourcecode.c.h; path = ASValueTrackingSlider.h; sourceTree = "<group>"; };
		B0456B251F0B329B00280B13 /* ASValueTrackingSlider.m */ = {isa = PBXFileReference; fileEncoding = 4; lastKnownFileType = sourcecode.c.objc; path = ASValueTrackingSlider.m; sourceTree = "<group>"; };
		B0456B271F0B329B00280B13 /* UINavigationController+ZFPlayerRotation.h */ = {isa = PBXFileReference; fileEncoding = 4; lastKnownFileType = sourcecode.c.h; path = "UINavigationController+ZFPlayerRotation.h"; sourceTree = "<group>"; };
		B0456B281F0B329B00280B13 /* UINavigationController+ZFPlayerRotation.m */ = {isa = PBXFileReference; fileEncoding = 4; lastKnownFileType = sourcecode.c.objc; path = "UINavigationController+ZFPlayerRotation.m"; sourceTree = "<group>"; };
		B0456B291F0B329B00280B13 /* UITabBarController+ZFPlayerRotation.h */ = {isa = PBXFileReference; fileEncoding = 4; lastKnownFileType = sourcecode.c.h; path = "UITabBarController+ZFPlayerRotation.h"; sourceTree = "<group>"; };
		B0456B2A1F0B329B00280B13 /* UITabBarController+ZFPlayerRotation.m */ = {isa = PBXFileReference; fileEncoding = 4; lastKnownFileType = sourcecode.c.objc; path = "UITabBarController+ZFPlayerRotation.m"; sourceTree = "<group>"; };
		B0456B2B1F0B329B00280B13 /* UIView+CustomControlView.h */ = {isa = PBXFileReference; fileEncoding = 4; lastKnownFileType = sourcecode.c.h; path = "UIView+CustomControlView.h"; sourceTree = "<group>"; };
		B0456B2C1F0B329B00280B13 /* UIView+CustomControlView.m */ = {isa = PBXFileReference; fileEncoding = 4; lastKnownFileType = sourcecode.c.objc; path = "UIView+CustomControlView.m"; sourceTree = "<group>"; };
		B0456B2D1F0B329B00280B13 /* UIViewController+ZFPlayerRotation.h */ = {isa = PBXFileReference; fileEncoding = 4; lastKnownFileType = sourcecode.c.h; path = "UIViewController+ZFPlayerRotation.h"; sourceTree = "<group>"; };
		B0456B2E1F0B329B00280B13 /* UIViewController+ZFPlayerRotation.m */ = {isa = PBXFileReference; fileEncoding = 4; lastKnownFileType = sourcecode.c.objc; path = "UIViewController+ZFPlayerRotation.m"; sourceTree = "<group>"; };
		B0456B2F1F0B329B00280B13 /* MMMaterialDesignSpinner.h */ = {isa = PBXFileReference; fileEncoding = 4; lastKnownFileType = sourcecode.c.h; path = MMMaterialDesignSpinner.h; sourceTree = "<group>"; };
		B0456B301F0B329B00280B13 /* MMMaterialDesignSpinner.m */ = {isa = PBXFileReference; fileEncoding = 4; lastKnownFileType = sourcecode.c.objc; path = MMMaterialDesignSpinner.m; sourceTree = "<group>"; };
		B0456B331F0B329B00280B13 /* ZFPlayer.bundle */ = {isa = PBXFileReference; lastKnownFileType = "wrapper.plug-in"; path = ZFPlayer.bundle; sourceTree = "<group>"; };
		B0456B341F0B329B00280B13 /* ZFPlayer.h */ = {isa = PBXFileReference; fileEncoding = 4; lastKnownFileType = sourcecode.c.h; path = ZFPlayer.h; sourceTree = "<group>"; };
		B0456B351F0B329B00280B13 /* ZFPlayerControlView.h */ = {isa = PBXFileReference; fileEncoding = 4; lastKnownFileType = sourcecode.c.h; path = ZFPlayerControlView.h; sourceTree = "<group>"; };
		B0456B361F0B329B00280B13 /* ZFPlayerControlView.m */ = {isa = PBXFileReference; fileEncoding = 4; lastKnownFileType = sourcecode.c.objc; path = ZFPlayerControlView.m; sourceTree = "<group>"; };
		B0456B371F0B329B00280B13 /* ZFPlayerControlViewDelegate.h */ = {isa = PBXFileReference; fileEncoding = 4; lastKnownFileType = sourcecode.c.h; path = ZFPlayerControlViewDelegate.h; sourceTree = "<group>"; };
		B0456B381F0B329B00280B13 /* ZFPlayerModel.h */ = {isa = PBXFileReference; fileEncoding = 4; lastKnownFileType = sourcecode.c.h; path = ZFPlayerModel.h; sourceTree = "<group>"; };
		B0456B391F0B329B00280B13 /* ZFPlayerModel.m */ = {isa = PBXFileReference; fileEncoding = 4; lastKnownFileType = sourcecode.c.objc; path = ZFPlayerModel.m; sourceTree = "<group>"; };
		B0456B3A1F0B329B00280B13 /* ZFPlayerView.h */ = {isa = PBXFileReference; fileEncoding = 4; lastKnownFileType = sourcecode.c.h; path = ZFPlayerView.h; sourceTree = "<group>"; };
		B0456B3B1F0B329B00280B13 /* ZFPlayerView.m */ = {isa = PBXFileReference; fileEncoding = 4; lastKnownFileType = sourcecode.c.objc; path = ZFPlayerView.m; sourceTree = "<group>"; };
		B0456B501F0B340200280B13 /* DYHomeCell.h */ = {isa = PBXFileReference; fileEncoding = 4; lastKnownFileType = sourcecode.c.h; path = DYHomeCell.h; sourceTree = "<group>"; };
		B0456B511F0B340200280B13 /* DYHomeCell.m */ = {isa = PBXFileReference; fileEncoding = 4; lastKnownFileType = sourcecode.c.objc; path = DYHomeCell.m; sourceTree = "<group>"; };
		B0456B911F0B698D00280B13 /* DYLoginViewController.h */ = {isa = PBXFileReference; fileEncoding = 4; lastKnownFileType = sourcecode.c.h; path = DYLoginViewController.h; sourceTree = "<group>"; };
		B0456B921F0B698D00280B13 /* DYLoginViewController.m */ = {isa = PBXFileReference; fileEncoding = 4; lastKnownFileType = sourcecode.c.objc; path = DYLoginViewController.m; sourceTree = "<group>"; };
		B0456B941F0B69AC00280B13 /* DYRegisterViewController.h */ = {isa = PBXFileReference; fileEncoding = 4; lastKnownFileType = sourcecode.c.h; path = DYRegisterViewController.h; sourceTree = "<group>"; };
		B0456B951F0B69AC00280B13 /* DYRegisterViewController.m */ = {isa = PBXFileReference; fileEncoding = 4; lastKnownFileType = sourcecode.c.objc; path = DYRegisterViewController.m; sourceTree = "<group>"; };
		B0456B9D1F0B6B8700280B13 /* DYLoginView.h */ = {isa = PBXFileReference; fileEncoding = 4; lastKnownFileType = sourcecode.c.h; path = DYLoginView.h; sourceTree = "<group>"; };
		B0456B9E1F0B6B8700280B13 /* DYLoginView.m */ = {isa = PBXFileReference; fileEncoding = 4; lastKnownFileType = sourcecode.c.objc; path = DYLoginView.m; sourceTree = "<group>"; };
		B0456BA01F0B6C3E00280B13 /* UIViewController+SH.h */ = {isa = PBXFileReference; fileEncoding = 4; lastKnownFileType = sourcecode.c.h; path = "UIViewController+SH.h"; sourceTree = "<group>"; };
		B0456BA11F0B6C3E00280B13 /* UIViewController+SH.m */ = {isa = PBXFileReference; fileEncoding = 4; lastKnownFileType = sourcecode.c.objc; path = "UIViewController+SH.m"; sourceTree = "<group>"; };
		B0456BA31F0B7DD700280B13 /* DYRegisterView.h */ = {isa = PBXFileReference; fileEncoding = 4; lastKnownFileType = sourcecode.c.h; path = DYRegisterView.h; sourceTree = "<group>"; };
		B0456BA41F0B7DD700280B13 /* DYRegisterView.m */ = {isa = PBXFileReference; fileEncoding = 4; lastKnownFileType = sourcecode.c.objc; path = DYRegisterView.m; sourceTree = "<group>"; };
		B0456BBC1F0CFF6B00280B13 /* ZFBrightnessView.h */ = {isa = PBXFileReference; fileEncoding = 4; lastKnownFileType = sourcecode.c.h; path = ZFBrightnessView.h; sourceTree = "<group>"; };
		B0456BBD1F0CFF6B00280B13 /* ZFBrightnessView.m */ = {isa = PBXFileReference; fileEncoding = 4; lastKnownFileType = sourcecode.c.objc; path = ZFBrightnessView.m; sourceTree = "<group>"; };
		B0456BBF1F0E051B00280B13 /* FitNess.entitlements */ = {isa = PBXFileReference; lastKnownFileType = text.plist.entitlements; path = FitNess.entitlements; sourceTree = "<group>"; };
		B06175091F0A5FE00052734F /* UIView+DYCustomBorder.h */ = {isa = PBXFileReference; fileEncoding = 4; lastKnownFileType = sourcecode.c.h; path = "UIView+DYCustomBorder.h"; sourceTree = "<group>"; };
		B061750A1F0A5FE00052734F /* UIView+DYCustomBorder.m */ = {isa = PBXFileReference; fileEncoding = 4; lastKnownFileType = sourcecode.c.objc; path = "UIView+DYCustomBorder.m"; sourceTree = "<group>"; };
		B061750C1F0A62130052734F /* UIView+DYFrame.h */ = {isa = PBXFileReference; fileEncoding = 4; lastKnownFileType = sourcecode.c.h; path = "UIView+DYFrame.h"; sourceTree = "<group>"; };
		B061750D1F0A62130052734F /* UIView+DYFrame.m */ = {isa = PBXFileReference; fileEncoding = 4; lastKnownFileType = sourcecode.c.objc; path = "UIView+DYFrame.m"; sourceTree = "<group>"; };
		B07300E31F09D7E6006414A0 /* FitNess.app */ = {isa = PBXFileReference; explicitFileType = wrapper.application; includeInIndex = 0; path = FitNess.app; sourceTree = BUILT_PRODUCTS_DIR; };
		B07300E71F09D7E6006414A0 /* main.m */ = {isa = PBXFileReference; lastKnownFileType = sourcecode.c.objc; path = main.m; sourceTree = "<group>"; };
		B07300E91F09D7E6006414A0 /* AppDelegate.h */ = {isa = PBXFileReference; lastKnownFileType = sourcecode.c.h; path = AppDelegate.h; sourceTree = "<group>"; };
		B07300EA1F09D7E6006414A0 /* AppDelegate.m */ = {isa = PBXFileReference; lastKnownFileType = sourcecode.c.objc; path = AppDelegate.m; sourceTree = "<group>"; };
		B07300F21F09D7E6006414A0 /* Assets.xcassets */ = {isa = PBXFileReference; lastKnownFileType = folder.assetcatalog; path = Assets.xcassets; sourceTree = "<group>"; };
		B07300F51F09D7E6006414A0 /* Base */ = {isa = PBXFileReference; lastKnownFileType = file.storyboard; name = Base; path = Base.lproj/LaunchScreen.storyboard; sourceTree = "<group>"; };
		B07300F71F09D7E6006414A0 /* Info.plist */ = {isa = PBXFileReference; lastKnownFileType = text.plist.xml; path = Info.plist; sourceTree = "<group>"; };
		B07301021F09D90C006414A0 /* DYBaseViewController.h */ = {isa = PBXFileReference; fileEncoding = 4; lastKnownFileType = sourcecode.c.h; path = DYBaseViewController.h; sourceTree = "<group>"; };
		B07301031F09D90C006414A0 /* DYBaseViewController.m */ = {isa = PBXFileReference; fileEncoding = 4; lastKnownFileType = sourcecode.c.objc; path = DYBaseViewController.m; sourceTree = "<group>"; };
		B07301061F09D973006414A0 /* DYUserManager.h */ = {isa = PBXFileReference; fileEncoding = 4; lastKnownFileType = sourcecode.c.h; path = DYUserManager.h; sourceTree = "<group>"; };
		B07301071F09D973006414A0 /* DYUserManager.m */ = {isa = PBXFileReference; fileEncoding = 4; lastKnownFileType = sourcecode.c.objc; path = DYUserManager.m; sourceTree = "<group>"; };
		B07301091F09D9A4006414A0 /* DYCacheManager.h */ = {isa = PBXFileReference; fileEncoding = 4; lastKnownFileType = sourcecode.c.h; path = DYCacheManager.h; sourceTree = "<group>"; };
		B073010A1F09D9A4006414A0 /* DYCacheManager.m */ = {isa = PBXFileReference; fileEncoding = 4; lastKnownFileType = sourcecode.c.objc; path = DYCacheManager.m; sourceTree = "<group>"; };
		B073010C1F09D9B4006414A0 /* DYMediaManager.h */ = {isa = PBXFileReference; fileEncoding = 4; lastKnownFileType = sourcecode.c.h; path = DYMediaManager.h; sourceTree = "<group>"; };
		B073010D1F09D9B4006414A0 /* DYMediaManager.m */ = {isa = PBXFileReference; fileEncoding = 4; lastKnownFileType = sourcecode.c.objc; path = DYMediaManager.m; sourceTree = "<group>"; };
		B07301111F09DA75006414A0 /* DYSystemDefine.h */ = {isa = PBXFileReference; lastKnownFileType = sourcecode.c.h; path = DYSystemDefine.h; sourceTree = "<group>"; };
		B07301121F09DA84006414A0 /* DYThemeDefine.h */ = {isa = PBXFileReference; lastKnownFileType = sourcecode.c.h; path = DYThemeDefine.h; sourceTree = "<group>"; };
		B07301131F09DAC8006414A0 /* PrefixHeader.pch */ = {isa = PBXFileReference; lastKnownFileType = sourcecode.c.h; path = PrefixHeader.pch; sourceTree = "<group>"; };
		B07301141F09DB90006414A0 /* DYConst.h */ = {isa = PBXFileReference; lastKnownFileType = sourcecode.c.h; path = DYConst.h; sourceTree = "<group>"; };
		B07301161F09DBE7006414A0 /* AppDelegate+DYUI.h */ = {isa = PBXFileReference; fileEncoding = 4; lastKnownFileType = sourcecode.c.h; path = "AppDelegate+DYUI.h"; sourceTree = "<group>"; };
		B07301171F09DBE7006414A0 /* AppDelegate+DYUI.m */ = {isa = PBXFileReference; fileEncoding = 4; lastKnownFileType = sourcecode.c.objc; path = "AppDelegate+DYUI.m"; sourceTree = "<group>"; };
		B073011C1F09DE6A006414A0 /* DYBaseJsonModel.h */ = {isa = PBXFileReference; fileEncoding = 4; lastKnownFileType = sourcecode.c.h; path = DYBaseJsonModel.h; sourceTree = "<group>"; };
		B073011D1F09DE6A006414A0 /* DYBaseJsonModel.m */ = {isa = PBXFileReference; fileEncoding = 4; lastKnownFileType = sourcecode.c.objc; path = DYBaseJsonModel.m; sourceTree = "<group>"; };
		B073011F1F09DE91006414A0 /* DYBaseTableViewController.h */ = {isa = PBXFileReference; fileEncoding = 4; lastKnownFileType = sourcecode.c.h; path = DYBaseTableViewController.h; sourceTree = "<group>"; };
		B07301201F09DE91006414A0 /* DYBaseTableViewController.m */ = {isa = PBXFileReference; fileEncoding = 4; lastKnownFileType = sourcecode.c.objc; path = DYBaseTableViewController.m; sourceTree = "<group>"; };
		B07301231F09E712006414A0 /* UINavigationController+FDFullscreenPopGesture.h */ = {isa = PBXFileReference; fileEncoding = 4; lastKnownFileType = sourcecode.c.h; path = "UINavigationController+FDFullscreenPopGesture.h"; sourceTree = "<group>"; };
		B07301241F09E712006414A0 /* UINavigationController+FDFullscreenPopGesture.m */ = {isa = PBXFileReference; fileEncoding = 4; lastKnownFileType = sourcecode.c.objc; path = "UINavigationController+FDFullscreenPopGesture.m"; sourceTree = "<group>"; };
		B073012C1F09ED72006414A0 /* UIViewController+transition.h */ = {isa = PBXFileReference; fileEncoding = 4; lastKnownFileType = sourcecode.c.h; path = "UIViewController+transition.h"; sourceTree = "<group>"; };
		B073012D1F09ED72006414A0 /* UIViewController+transition.m */ = {isa = PBXFileReference; fileEncoding = 4; lastKnownFileType = sourcecode.c.objc; path = "UIViewController+transition.m"; sourceTree = "<group>"; };
		B073012E1F09ED72006414A0 /* YGAnimator.h */ = {isa = PBXFileReference; fileEncoding = 4; lastKnownFileType = sourcecode.c.h; path = YGAnimator.h; sourceTree = "<group>"; };
		B073012F1F09ED72006414A0 /* YGAnimator.m */ = {isa = PBXFileReference; fileEncoding = 4; lastKnownFileType = sourcecode.c.objc; path = YGAnimator.m; sourceTree = "<group>"; };
		B07301301F09ED72006414A0 /* YGInteractor.h */ = {isa = PBXFileReference; fileEncoding = 4; lastKnownFileType = sourcecode.c.h; path = YGInteractor.h; sourceTree = "<group>"; };
		B07301311F09ED72006414A0 /* YGInteractor.m */ = {isa = PBXFileReference; fileEncoding = 4; lastKnownFileType = sourcecode.c.objc; path = YGInteractor.m; sourceTree = "<group>"; };
		B07301321F09ED72006414A0 /* YGTransition.h */ = {isa = PBXFileReference; fileEncoding = 4; lastKnownFileType = sourcecode.c.h; path = YGTransition.h; sourceTree = "<group>"; };
		B07301331F09ED72006414A0 /* YGTransition.m */ = {isa = PBXFileReference; fileEncoding = 4; lastKnownFileType = sourcecode.c.objc; path = YGTransition.m; sourceTree = "<group>"; };
		B07301991F09F3D7006414A0 /* DYHTTPRequest.h */ = {isa = PBXFileReference; fileEncoding = 4; lastKnownFileType = sourcecode.c.h; path = DYHTTPRequest.h; sourceTree = "<group>"; };
		B073019A1F09F3D7006414A0 /* DYHTTPRequest.m */ = {isa = PBXFileReference; fileEncoding = 4; lastKnownFileType = sourcecode.c.objc; path = DYHTTPRequest.m; sourceTree = "<group>"; };
		B073019C1F09F3EA006414A0 /* DYHTTPManager.h */ = {isa = PBXFileReference; fileEncoding = 4; lastKnownFileType = sourcecode.c.h; path = DYHTTPManager.h; sourceTree = "<group>"; };
		B073019D1F09F3EA006414A0 /* DYHTTPManager.m */ = {isa = PBXFileReference; fileEncoding = 4; lastKnownFileType = sourcecode.c.objc; path = DYHTTPManager.m; sourceTree = "<group>"; };
		B073019F1F0A1098006414A0 /* DYBaseDrawerViewController.h */ = {isa = PBXFileReference; fileEncoding = 4; lastKnownFileType = sourcecode.c.h; path = DYBaseDrawerViewController.h; sourceTree = "<group>"; };
		B07301A01F0A1098006414A0 /* DYBaseDrawerViewController.m */ = {isa = PBXFileReference; fileEncoding = 4; lastKnownFileType = sourcecode.c.objc; path = DYBaseDrawerViewController.m; sourceTree = "<group>"; };
		B07301A31F0A12CC006414A0 /* DYDrawerViewController.h */ = {isa = PBXFileReference; fileEncoding = 4; lastKnownFileType = sourcecode.c.h; path = DYDrawerViewController.h; sourceTree = "<group>"; };
		B07301A41F0A12CC006414A0 /* DYDrawerViewController.m */ = {isa = PBXFileReference; fileEncoding = 4; lastKnownFileType = sourcecode.c.objc; path = DYDrawerViewController.m; sourceTree = "<group>"; };
		B07301AC1F0A14BE006414A0 /* DYHomeViewController.h */ = {isa = PBXFileReference; fileEncoding = 4; lastKnownFileType = sourcecode.c.h; path = DYHomeViewController.h; sourceTree = "<group>"; };
		B07301AD1F0A14BE006414A0 /* DYHomeViewController.m */ = {isa = PBXFileReference; fileEncoding = 4; lastKnownFileType = sourcecode.c.objc; path = DYHomeViewController.m; sourceTree = "<group>"; };
		B07301AF1F0A2915006414A0 /* DYDrawerHeaderView.h */ = {isa = PBXFileReference; fileEncoding = 4; lastKnownFileType = sourcecode.c.h; path = DYDrawerHeaderView.h; sourceTree = "<group>"; };
		B07301B01F0A2915006414A0 /* DYDrawerHeaderView.m */ = {isa = PBXFileReference; fileEncoding = 4; lastKnownFileType = sourcecode.c.objc; path = DYDrawerHeaderView.m; sourceTree = "<group>"; };
		B07301B21F0A2932006414A0 /* DYDrawerCell.h */ = {isa = PBXFileReference; fileEncoding = 4; lastKnownFileType = sourcecode.c.h; path = DYDrawerCell.h; sourceTree = "<group>"; };
		B07301B31F0A2932006414A0 /* DYDrawerCell.m */ = {isa = PBXFileReference; fileEncoding = 4; lastKnownFileType = sourcecode.c.objc; path = DYDrawerCell.m; sourceTree = "<group>"; };
		FD7AF4A8002AD402C12842EE /* Pods-FitNess.debug.xcconfig */ = {isa = PBXFileReference; includeInIndex = 1; lastKnownFileType = text.xcconfig; name = "Pods-FitNess.debug.xcconfig"; path = "Pods/Target Support Files/Pods-FitNess/Pods-FitNess.debug.xcconfig"; sourceTree = "<group>"; };
/* End PBXFileReference section */

/* Begin PBXFrameworksBuildPhase section */
		B07300E01F09D7E6006414A0 /* Frameworks */ = {
			isa = PBXFrameworksBuildPhase;
			buildActionMask = 2147483647;
			files = (
				6C61BA536BE90F41EE734B43 /* Pods_FitNess.framework in Frameworks */,
			);
			runOnlyForDeploymentPostprocessing = 0;
		};
/* End PBXFrameworksBuildPhase section */

/* Begin PBXGroup section */
		B0456AFB1F0A4B5400280B13 /* Foundation */ = {
			isa = PBXGroup;
			children = (
			);
			path = Foundation;
			sourceTree = "<group>";
		};
		B0456AFC1F0A4B5400280B13 /* UIKit */ = {
			isa = PBXGroup;
			children = (
				B0456BA01F0B6C3E00280B13 /* UIViewController+SH.h */,
				B0456BA11F0B6C3E00280B13 /* UIViewController+SH.m */,
				B0456AFD1F0A4B9600280B13 /* UIButton+DYBlock.h */,
				B0456AFE1F0A4B9600280B13 /* UIButton+DYBlock.m */,
				B0456B001F0A4E9D00280B13 /* UIButton+DYCountDown.h */,
				B0456B011F0A4E9D00280B13 /* UIButton+DYCountDown.m */,
				B0456B031F0A4EF000280B13 /* UIButton+DYImagePosition.h */,
				B0456B041F0A4EF000280B13 /* UIButton+DYImagePosition.m */,
				B0456B091F0A507500280B13 /* UIColor+DYUtils.h */,
				B0456B0A1F0A507500280B13 /* UIColor+DYUtils.m */,
				B0456B0C1F0A510700280B13 /* UIDevice+DYUtils.h */,
				B0456B0D1F0A510700280B13 /* UIDevice+DYUtils.m */,
				B0456B0F1F0A520700280B13 /* UIImage+DYUtils.h */,
				B0456B101F0A520700280B13 /* UIImage+DYUtils.m */,
				B06175091F0A5FE00052734F /* UIView+DYCustomBorder.h */,
				B061750A1F0A5FE00052734F /* UIView+DYCustomBorder.m */,
				B061750C1F0A62130052734F /* UIView+DYFrame.h */,
				B061750D1F0A62130052734F /* UIView+DYFrame.m */,
			);
			path = UIKit;
			sourceTree = "<group>";
		};
		B0456B211F0B329B00280B13 /* Player */ = {
			isa = PBXGroup;
			children = (
				B0456BBC1F0CFF6B00280B13 /* ZFBrightnessView.h */,
				B0456BBD1F0CFF6B00280B13 /* ZFBrightnessView.m */,
				B0456B221F0B329B00280B13 /* ASValuePopUpView.h */,
				B0456B231F0B329B00280B13 /* ASValuePopUpView.m */,
				B0456B241F0B329B00280B13 /* ASValueTrackingSlider.h */,
				B0456B251F0B329B00280B13 /* ASValueTrackingSlider.m */,
				B0456B261F0B329B00280B13 /* Category */,
				B0456B2F1F0B329B00280B13 /* MMMaterialDesignSpinner.h */,
				B0456B301F0B329B00280B13 /* MMMaterialDesignSpinner.m */,
				B0456B331F0B329B00280B13 /* ZFPlayer.bundle */,
				B0456B341F0B329B00280B13 /* ZFPlayer.h */,
				B0456B351F0B329B00280B13 /* ZFPlayerControlView.h */,
				B0456B361F0B329B00280B13 /* ZFPlayerControlView.m */,
				B0456B371F0B329B00280B13 /* ZFPlayerControlViewDelegate.h */,
				B0456B381F0B329B00280B13 /* ZFPlayerModel.h */,
				B0456B391F0B329B00280B13 /* ZFPlayerModel.m */,
				B0456B3A1F0B329B00280B13 /* ZFPlayerView.h */,
				B0456B3B1F0B329B00280B13 /* ZFPlayerView.m */,
			);
			path = Player;
			sourceTree = "<group>";
		};
		B0456B261F0B329B00280B13 /* Category */ = {
			isa = PBXGroup;
			children = (
				B0456B271F0B329B00280B13 /* UINavigationController+ZFPlayerRotation.h */,
				B0456B281F0B329B00280B13 /* UINavigationController+ZFPlayerRotation.m */,
				B0456B291F0B329B00280B13 /* UITabBarController+ZFPlayerRotation.h */,
				B0456B2A1F0B329B00280B13 /* UITabBarController+ZFPlayerRotation.m */,
				B0456B2B1F0B329B00280B13 /* UIView+CustomControlView.h */,
				B0456B2C1F0B329B00280B13 /* UIView+CustomControlView.m */,
				B0456B2D1F0B329B00280B13 /* UIViewController+ZFPlayerRotation.h */,
				B0456B2E1F0B329B00280B13 /* UIViewController+ZFPlayerRotation.m */,
			);
			path = Category;
			sourceTree = "<group>";
		};
		B0456B4E1F0B333F00280B13 /* Models */ = {
			isa = PBXGroup;
			children = (
			);
			path = Models;
			sourceTree = "<group>";
		};
		B0456B4F1F0B333F00280B13 /* Views */ = {
			isa = PBXGroup;
			children = (
				B0456B501F0B340200280B13 /* DYHomeCell.h */,
				B0456B511F0B340200280B13 /* DYHomeCell.m */,
			);
			path = Views;
			sourceTree = "<group>";
		};
		B0456B761F0B669300280B13 /* Login */ = {
			isa = PBXGroup;
			children = (
				B0456B771F0B66B100280B13 /* Models */,
				B0456B781F0B66B100280B13 /* Views */,
				B0456B911F0B698D00280B13 /* DYLoginViewController.h */,
				B0456B921F0B698D00280B13 /* DYLoginViewController.m */,
				B0456B941F0B69AC00280B13 /* DYRegisterViewController.h */,
				B0456B951F0B69AC00280B13 /* DYRegisterViewController.m */,
			);
			path = Login;
			sourceTree = "<group>";
		};
		B0456B771F0B66B100280B13 /* Models */ = {
			isa = PBXGroup;
			children = (
			);
			path = Models;
			sourceTree = "<group>";
		};
		B0456B781F0B66B100280B13 /* Views */ = {
			isa = PBXGroup;
			children = (
				B0456B9D1F0B6B8700280B13 /* DYLoginView.h */,
				B0456B9E1F0B6B8700280B13 /* DYLoginView.m */,
				B0456BA31F0B7DD700280B13 /* DYRegisterView.h */,
				B0456BA41F0B7DD700280B13 /* DYRegisterView.m */,
			);
			path = Views;
			sourceTree = "<group>";
		};
		B07300DA1F09D7E5006414A0 = {
			isa = PBXGroup;
			children = (
				B07300E51F09D7E6006414A0 /* FitNess */,
				B07300E41F09D7E6006414A0 /* Products */,
				B4E33A29DAD264AB4F5EF9BF /* Pods */,
				D2245418FA3B9F549CF14A3C /* Frameworks */,
			);
			sourceTree = "<group>";
		};
		B07300E41F09D7E6006414A0 /* Products */ = {
			isa = PBXGroup;
			children = (
				B07300E31F09D7E6006414A0 /* FitNess.app */,
			);
			name = Products;
			sourceTree = "<group>";
		};
		B07300E51F09D7E6006414A0 /* FitNess */ = {
			isa = PBXGroup;
			children = (
				B0456BBF1F0E051B00280B13 /* FitNess.entitlements */,
				B07300FD1F09D86F006414A0 /* Classes */,
				B07300E61F09D7E6006414A0 /* Supporting Files */,
			);
			path = FitNess;
			sourceTree = "<group>";
		};
		B07300E61F09D7E6006414A0 /* Supporting Files */ = {
			isa = PBXGroup;
			children = (
				B07300E91F09D7E6006414A0 /* AppDelegate.h */,
				B07300EA1F09D7E6006414A0 /* AppDelegate.m */,
				B07300F21F09D7E6006414A0 /* Assets.xcassets */,
				B07300F41F09D7E6006414A0 /* LaunchScreen.storyboard */,
				B07300F71F09D7E6006414A0 /* Info.plist */,
				B07300E71F09D7E6006414A0 /* main.m */,
			);
			name = "Supporting Files";
			sourceTree = "<group>";
		};
		B07300FD1F09D86F006414A0 /* Classes */ = {
			isa = PBXGroup;
			children = (
				B07301B51F0A36D1006414A0 /* ThirdParty */,
				B07301101F09DA13006414A0 /* Categorys */,
				B073010F1F09D9F5006414A0 /* Header */,
				B07301051F09D95E006414A0 /* Managers */,
				B07300FE1F09D8CD006414A0 /* Common */,
				B07300FF1F09D8CD006414A0 /* Base */,
				B07301001F09D8CD006414A0 /* APIS */,
				B07301011F09D8CD006414A0 /* Modules */,
			);
			path = Classes;
			sourceTree = "<group>";
		};
		B07300FE1F09D8CD006414A0 /* Common */ = {
			isa = PBXGroup;
			children = (
				B0456B211F0B329B00280B13 /* Player */,
				B07301291F09ED72006414A0 /* transition */,
				B07301271F09E71D006414A0 /* Network */,
				B07301281F09E71D006414A0 /* Push */,
				B07301221F09E712006414A0 /* FDFullscreenPopGesture */,
			);
			path = Common;
			sourceTree = "<group>";
		};
		B07300FF1F09D8CD006414A0 /* Base */ = {
			isa = PBXGroup;
			children = (
				B07301021F09D90C006414A0 /* DYBaseViewController.h */,
				B07301031F09D90C006414A0 /* DYBaseViewController.m */,
				B073011C1F09DE6A006414A0 /* DYBaseJsonModel.h */,
				B073011D1F09DE6A006414A0 /* DYBaseJsonModel.m */,
				B073011F1F09DE91006414A0 /* DYBaseTableViewController.h */,
				B07301201F09DE91006414A0 /* DYBaseTableViewController.m */,
				B073019F1F0A1098006414A0 /* DYBaseDrawerViewController.h */,
				B07301A01F0A1098006414A0 /* DYBaseDrawerViewController.m */,
			);
			path = Base;
			sourceTree = "<group>";
		};
		B07301001F09D8CD006414A0 /* APIS */ = {
			isa = PBXGroup;
			children = (
			);
			path = APIS;
			sourceTree = "<group>";
		};
		B07301011F09D8CD006414A0 /* Modules */ = {
			isa = PBXGroup;
			children = (
				B0456B761F0B669300280B13 /* Login */,
				B07301AB1F0A14AF006414A0 /* Home */,
				B07301A21F0A1294006414A0 /* Drawer */,
				B07301151F09DBCB006414A0 /* Launch */,
			);
			path = Modules;
			sourceTree = "<group>";
		};
		B07301051F09D95E006414A0 /* Managers */ = {
			isa = PBXGroup;
			children = (
				B07301061F09D973006414A0 /* DYUserManager.h */,
				B07301071F09D973006414A0 /* DYUserManager.m */,
				B07301091F09D9A4006414A0 /* DYCacheManager.h */,
				B073010A1F09D9A4006414A0 /* DYCacheManager.m */,
				B073010C1F09D9B4006414A0 /* DYMediaManager.h */,
				B073010D1F09D9B4006414A0 /* DYMediaManager.m */,
			);
			path = Managers;
			sourceTree = "<group>";
		};
		B073010F1F09D9F5006414A0 /* Header */ = {
			isa = PBXGroup;
			children = (
				B07301111F09DA75006414A0 /* DYSystemDefine.h */,
				B07301121F09DA84006414A0 /* DYThemeDefine.h */,
				B07301141F09DB90006414A0 /* DYConst.h */,
				B07301131F09DAC8006414A0 /* PrefixHeader.pch */,
			);
			path = Header;
			sourceTree = "<group>";
		};
		B07301101F09DA13006414A0 /* Categorys */ = {
			isa = PBXGroup;
			children = (
				B0456AFB1F0A4B5400280B13 /* Foundation */,
				B0456AFC1F0A4B5400280B13 /* UIKit */,
			);
			path = Categorys;
			sourceTree = "<group>";
		};
		B07301151F09DBCB006414A0 /* Launch */ = {
			isa = PBXGroup;
			children = (
				B07301161F09DBE7006414A0 /* AppDelegate+DYUI.h */,
				B07301171F09DBE7006414A0 /* AppDelegate+DYUI.m */,
				B0456B151F0B2A3200280B13 /* AppDelegate+AWS.h */,
				B0456B161F0B2A3200280B13 /* AppDelegate+AWS.m */,
			);
			path = Launch;
			sourceTree = "<group>";
		};
		B07301221F09E712006414A0 /* FDFullscreenPopGesture */ = {
			isa = PBXGroup;
			children = (
				B07301231F09E712006414A0 /* UINavigationController+FDFullscreenPopGesture.h */,
				B07301241F09E712006414A0 /* UINavigationController+FDFullscreenPopGesture.m */,
			);
			path = FDFullscreenPopGesture;
			sourceTree = "<group>";
		};
		B07301271F09E71D006414A0 /* Network */ = {
			isa = PBXGroup;
			children = (
				B07301991F09F3D7006414A0 /* DYHTTPRequest.h */,
				B073019A1F09F3D7006414A0 /* DYHTTPRequest.m */,
				B073019C1F09F3EA006414A0 /* DYHTTPManager.h */,
				B073019D1F09F3EA006414A0 /* DYHTTPManager.m */,
			);
			path = Network;
			sourceTree = "<group>";
		};
		B07301281F09E71D006414A0 /* Push */ = {
			isa = PBXGroup;
			children = (
			);
			path = Push;
			sourceTree = "<group>";
		};
		B07301291F09ED72006414A0 /* transition */ = {
			isa = PBXGroup;
			children = (
				B073012C1F09ED72006414A0 /* UIViewController+transition.h */,
				B073012D1F09ED72006414A0 /* UIViewController+transition.m */,
				B073012E1F09ED72006414A0 /* YGAnimator.h */,
				B073012F1F09ED72006414A0 /* YGAnimator.m */,
				B07301301F09ED72006414A0 /* YGInteractor.h */,
				B07301311F09ED72006414A0 /* YGInteractor.m */,
				B07301321F09ED72006414A0 /* YGTransition.h */,
				B07301331F09ED72006414A0 /* YGTransition.m */,
			);
			path = transition;
			sourceTree = "<group>";
		};
		B07301A21F0A1294006414A0 /* Drawer */ = {
			isa = PBXGroup;
			children = (
				B07301A61F0A131C006414A0 /* Models */,
				B07301A71F0A131C006414A0 /* Views */,
				B07301A31F0A12CC006414A0 /* DYDrawerViewController.h */,
				B07301A41F0A12CC006414A0 /* DYDrawerViewController.m */,
			);
			path = Drawer;
			sourceTree = "<group>";
		};
		B07301A61F0A131C006414A0 /* Models */ = {
			isa = PBXGroup;
			children = (
			);
			path = Models;
			sourceTree = "<group>";
		};
		B07301A71F0A131C006414A0 /* Views */ = {
			isa = PBXGroup;
			children = (
				B07301AF1F0A2915006414A0 /* DYDrawerHeaderView.h */,
				B07301B01F0A2915006414A0 /* DYDrawerHeaderView.m */,
				B07301B21F0A2932006414A0 /* DYDrawerCell.h */,
				B07301B31F0A2932006414A0 /* DYDrawerCell.m */,
			);
			path = Views;
			sourceTree = "<group>";
		};
		B07301AB1F0A14AF006414A0 /* Home */ = {
			isa = PBXGroup;
			children = (
				B0456B4E1F0B333F00280B13 /* Models */,
				B0456B4F1F0B333F00280B13 /* Views */,
				B07301AC1F0A14BE006414A0 /* DYHomeViewController.h */,
				B07301AD1F0A14BE006414A0 /* DYHomeViewController.m */,
			);
			path = Home;
			sourceTree = "<group>";
		};
		B07301B51F0A36D1006414A0 /* ThirdParty */ = {
			isa = PBXGroup;
			children = (
			);
			path = ThirdParty;
			sourceTree = "<group>";
		};
		B4E33A29DAD264AB4F5EF9BF /* Pods */ = {
			isa = PBXGroup;
			children = (
				FD7AF4A8002AD402C12842EE /* Pods-FitNess.debug.xcconfig */,
				9052986DB863A38EB5CB4697 /* Pods-FitNess.release.xcconfig */,
			);
			name = Pods;
			sourceTree = "<group>";
		};
		D2245418FA3B9F549CF14A3C /* Frameworks */ = {
			isa = PBXGroup;
			children = (
				05A6F6F7BDBBF7F6E737FB6E /* Pods_FitNess.framework */,
			);
			name = Frameworks;
			sourceTree = "<group>";
		};
/* End PBXGroup section */

/* Begin PBXNativeTarget section */
		B07300E21F09D7E6006414A0 /* FitNess */ = {
			isa = PBXNativeTarget;
			buildConfigurationList = B07300FA1F09D7E6006414A0 /* Build configuration list for PBXNativeTarget "FitNess" */;
			buildPhases = (
				F5D24E4F13A80FA523828CC5 /* [CP] Check Pods Manifest.lock */,
				B07300DF1F09D7E6006414A0 /* Sources */,
				B07300E01F09D7E6006414A0 /* Frameworks */,
				B07300E11F09D7E6006414A0 /* Resources */,
				2AE0EA9DCB34F4A1096A82D3 /* [CP] Embed Pods Frameworks */,
				63FDE3696F2BC00C9C4FBFD1 /* [CP] Copy Pods Resources */,
			);
			buildRules = (
			);
			dependencies = (
			);
			name = FitNess;
			productName = FitNess;
			productReference = B07300E31F09D7E6006414A0 /* FitNess.app */;
			productType = "com.apple.product-type.application";
		};
/* End PBXNativeTarget section */

/* Begin PBXProject section */
		B07300DB1F09D7E6006414A0 /* Project object */ = {
			isa = PBXProject;
			attributes = {
				LastUpgradeCheck = 0830;
				ORGANIZATIONNAME = none;
				TargetAttributes = {
					B07300E21F09D7E6006414A0 = {
						CreatedOnToolsVersion = 8.3.1;
						DevelopmentTeam = RDADXM2YR4;
						ProvisioningStyle = Manual;
						SystemCapabilities = {
							com.apple.BackgroundModes = {
								enabled = 1;
							};
							com.apple.Push = {
								enabled = 1;
							};
						};
					};
				};
			};
			buildConfigurationList = B07300DE1F09D7E6006414A0 /* Build configuration list for PBXProject "FitNess" */;
			compatibilityVersion = "Xcode 3.2";
			developmentRegion = English;
			hasScannedForEncodings = 0;
			knownRegions = (
				en,
				Base,
			);
			mainGroup = B07300DA1F09D7E5006414A0;
			productRefGroup = B07300E41F09D7E6006414A0 /* Products */;
			projectDirPath = "";
			projectRoot = "";
			targets = (
				B07300E21F09D7E6006414A0 /* FitNess */,
			);
		};
/* End PBXProject section */

/* Begin PBXResourcesBuildPhase section */
		B07300E11F09D7E6006414A0 /* Resources */ = {
			isa = PBXResourcesBuildPhase;
			buildActionMask = 2147483647;
			files = (
				B07300F61F09D7E6006414A0 /* LaunchScreen.storyboard in Resources */,
				B0456B441F0B329B00280B13 /* ZFPlayer.bundle in Resources */,
				B07300F31F09D7E6006414A0 /* Assets.xcassets in Resources */,
			);
			runOnlyForDeploymentPostprocessing = 0;
		};
/* End PBXResourcesBuildPhase section */

/* Begin PBXShellScriptBuildPhase section */
		2AE0EA9DCB34F4A1096A82D3 /* [CP] Embed Pods Frameworks */ = {
			isa = PBXShellScriptBuildPhase;
			buildActionMask = 2147483647;
			files = (
			);
			inputPaths = (
			);
			name = "[CP] Embed Pods Frameworks";
			outputPaths = (
			);
			runOnlyForDeploymentPostprocessing = 0;
			shellPath = /bin/sh;
			shellScript = "\"${SRCROOT}/Pods/Target Support Files/Pods-FitNess/Pods-FitNess-frameworks.sh\"\n";
			showEnvVarsInLog = 0;
		};
		63FDE3696F2BC00C9C4FBFD1 /* [CP] Copy Pods Resources */ = {
			isa = PBXShellScriptBuildPhase;
			buildActionMask = 2147483647;
			files = (
			);
			inputPaths = (
			);
			name = "[CP] Copy Pods Resources";
			outputPaths = (
			);
			runOnlyForDeploymentPostprocessing = 0;
			shellPath = /bin/sh;
			shellScript = "\"${SRCROOT}/Pods/Target Support Files/Pods-FitNess/Pods-FitNess-resources.sh\"\n";
			showEnvVarsInLog = 0;
		};
		F5D24E4F13A80FA523828CC5 /* [CP] Check Pods Manifest.lock */ = {
			isa = PBXShellScriptBuildPhase;
			buildActionMask = 2147483647;
			files = (
			);
			inputPaths = (
			);
			name = "[CP] Check Pods Manifest.lock";
			outputPaths = (
			);
			runOnlyForDeploymentPostprocessing = 0;
			shellPath = /bin/sh;
			shellScript = "diff \"${PODS_ROOT}/../Podfile.lock\" \"${PODS_ROOT}/Manifest.lock\" > /dev/null\nif [ $? != 0 ] ; then\n    # print error to STDERR\n    echo \"error: The sandbox is not in sync with the Podfile.lock. Run 'pod install' or update your CocoaPods installation.\" >&2\n    exit 1\nfi\n";
			showEnvVarsInLog = 0;
		};
/* End PBXShellScriptBuildPhase section */

/* Begin PBXSourcesBuildPhase section */
		B07300DF1F09D7E6006414A0 /* Sources */ = {
			isa = PBXSourcesBuildPhase;
			buildActionMask = 2147483647;
			files = (
				B0456B421F0B329B00280B13 /* MMMaterialDesignSpinner.m in Sources */,
				B0456B3C1F0B329B00280B13 /* ASValuePopUpView.m in Sources */,
				B07301A51F0A12CC006414A0 /* DYDrawerViewController.m in Sources */,
				B0456B521F0B340200280B13 /* DYHomeCell.m in Sources */,
				B0456B111F0A520700280B13 /* UIImage+DYUtils.m in Sources */,
				B0456B451F0B329B00280B13 /* ZFPlayerControlView.m in Sources */,
				B061750B1F0A5FE00052734F /* UIView+DYCustomBorder.m in Sources */,
				B073019E1F09F3EA006414A0 /* DYHTTPManager.m in Sources */,
				B07300EB1F09D7E6006414A0 /* AppDelegate.m in Sources */,
				B07301351F09ED72006414A0 /* UIViewController+transition.m in Sources */,
				B0456B021F0A4E9D00280B13 /* UIButton+DYCountDown.m in Sources */,
				B0456B0E1F0A510700280B13 /* UIDevice+DYUtils.m in Sources */,
				B07301081F09D973006414A0 /* DYUserManager.m in Sources */,
				B0456B3F1F0B329B00280B13 /* UITabBarController+ZFPlayerRotation.m in Sources */,
				B07301381F09ED72006414A0 /* YGTransition.m in Sources */,
				B0456B9F1F0B6B8700280B13 /* DYLoginView.m in Sources */,
				B0456BA21F0B6C3E00280B13 /* UIViewController+SH.m in Sources */,
				B061750E1F0A62130052734F /* UIView+DYFrame.m in Sources */,
				B07301361F09ED72006414A0 /* YGAnimator.m in Sources */,
				B0456B3E1F0B329B00280B13 /* UINavigationController+ZFPlayerRotation.m in Sources */,
				B07301AE1F0A14BE006414A0 /* DYHomeViewController.m in Sources */,
				B07301251F09E712006414A0 /* UINavigationController+FDFullscreenPopGesture.m in Sources */,
				B07301B41F0A2932006414A0 /* DYDrawerCell.m in Sources */,
				B07301211F09DE91006414A0 /* DYBaseTableViewController.m in Sources */,
				B0456B411F0B329B00280B13 /* UIViewController+ZFPlayerRotation.m in Sources */,
				B0456BBE1F0CFF6B00280B13 /* ZFBrightnessView.m in Sources */,
				B073010B1F09D9A4006414A0 /* DYCacheManager.m in Sources */,
				B0456B931F0B698D00280B13 /* DYLoginViewController.m in Sources */,
				B07301371F09ED72006414A0 /* YGInteractor.m in Sources */,
				B073010E1F09D9B4006414A0 /* DYMediaManager.m in Sources */,
				B07301041F09D90C006414A0 /* DYBaseViewController.m in Sources */,
				B073011E1F09DE6A006414A0 /* DYBaseJsonModel.m in Sources */,
				B07301181F09DBE7006414A0 /* AppDelegate+DYUI.m in Sources */,
				B073019B1F09F3D7006414A0 /* DYHTTPRequest.m in Sources */,
				B0456B051F0A4EF000280B13 /* UIButton+DYImagePosition.m in Sources */,
				B0456B3D1F0B329B00280B13 /* ASValueTrackingSlider.m in Sources */,
				B0456B961F0B69AC00280B13 /* DYRegisterViewController.m in Sources */,
				B0456B461F0B329B00280B13 /* ZFPlayerModel.m in Sources */,
				B0456BA51F0B7DD700280B13 /* DYRegisterView.m in Sources */,
				B0456B401F0B329B00280B13 /* UIView+CustomControlView.m in Sources */,
				B07301B11F0A2915006414A0 /* DYDrawerHeaderView.m in Sources */,
				B0456B0B1F0A507500280B13 /* UIColor+DYUtils.m in Sources */,
				B0456AFF1F0A4B9600280B13 /* UIButton+DYBlock.m in Sources */,
				B0456B471F0B329B00280B13 /* ZFPlayerView.m in Sources */,
				B0456B171F0B2A3200280B13 /* AppDelegate+AWS.m in Sources */,
				B07300E81F09D7E6006414A0 /* main.m in Sources */,
				B07301A11F0A1098006414A0 /* DYBaseDrawerViewController.m in Sources */,
			);
			runOnlyForDeploymentPostprocessing = 0;
		};
/* End PBXSourcesBuildPhase section */

/* Begin PBXVariantGroup section */
		B07300F41F09D7E6006414A0 /* LaunchScreen.storyboard */ = {
			isa = PBXVariantGroup;
			children = (
				B07300F51F09D7E6006414A0 /* Base */,
			);
			name = LaunchScreen.storyboard;
			sourceTree = "<group>";
		};
/* End PBXVariantGroup section */

/* Begin XCBuildConfiguration section */
		B07300F81F09D7E6006414A0 /* Debug */ = {
			isa = XCBuildConfiguration;
			buildSettings = {
				ALWAYS_SEARCH_USER_PATHS = NO;
				CLANG_ANALYZER_NONNULL = YES;
				CLANG_ANALYZER_NUMBER_OBJECT_CONVERSION = YES_AGGRESSIVE;
				CLANG_CXX_LANGUAGE_STANDARD = "gnu++0x";
				CLANG_CXX_LIBRARY = "libc++";
				CLANG_ENABLE_MODULES = YES;
				CLANG_ENABLE_OBJC_ARC = YES;
				CLANG_WARN_BOOL_CONVERSION = YES;
				CLANG_WARN_CONSTANT_CONVERSION = YES;
				CLANG_WARN_DIRECT_OBJC_ISA_USAGE = YES_ERROR;
				CLANG_WARN_DOCUMENTATION_COMMENTS = YES;
				CLANG_WARN_EMPTY_BODY = YES;
				CLANG_WARN_ENUM_CONVERSION = YES;
				CLANG_WARN_INFINITE_RECURSION = YES;
				CLANG_WARN_INT_CONVERSION = YES;
				CLANG_WARN_OBJC_ROOT_CLASS = YES_ERROR;
				CLANG_WARN_SUSPICIOUS_MOVE = YES;
				CLANG_WARN_UNREACHABLE_CODE = YES;
				CLANG_WARN__DUPLICATE_METHOD_MATCH = YES;
				"CODE_SIGN_IDENTITY[sdk=iphoneos*]" = "iPhone Developer";
				COPY_PHASE_STRIP = NO;
				DEBUG_INFORMATION_FORMAT = dwarf;
				ENABLE_STRICT_OBJC_MSGSEND = YES;
				ENABLE_TESTABILITY = YES;
				GCC_C_LANGUAGE_STANDARD = gnu99;
				GCC_DYNAMIC_NO_PIC = NO;
				GCC_NO_COMMON_BLOCKS = YES;
				GCC_OPTIMIZATION_LEVEL = 0;
				GCC_PREPROCESSOR_DEFINITIONS = (
					"DEBUG=1",
					"$(inherited)",
				);
				GCC_WARN_64_TO_32_BIT_CONVERSION = YES;
				GCC_WARN_ABOUT_RETURN_TYPE = YES_ERROR;
				GCC_WARN_UNDECLARED_SELECTOR = YES;
				GCC_WARN_UNINITIALIZED_AUTOS = YES_AGGRESSIVE;
				GCC_WARN_UNUSED_FUNCTION = YES;
				GCC_WARN_UNUSED_VARIABLE = YES;
				IPHONEOS_DEPLOYMENT_TARGET = 10.3;
				MTL_ENABLE_DEBUG_INFO = YES;
				ONLY_ACTIVE_ARCH = YES;
				SDKROOT = iphoneos;
			};
			name = Debug;
		};
		B07300F91F09D7E6006414A0 /* Release */ = {
			isa = XCBuildConfiguration;
			buildSettings = {
				ALWAYS_SEARCH_USER_PATHS = NO;
				CLANG_ANALYZER_NONNULL = YES;
				CLANG_ANALYZER_NUMBER_OBJECT_CONVERSION = YES_AGGRESSIVE;
				CLANG_CXX_LANGUAGE_STANDARD = "gnu++0x";
				CLANG_CXX_LIBRARY = "libc++";
				CLANG_ENABLE_MODULES = YES;
				CLANG_ENABLE_OBJC_ARC = YES;
				CLANG_WARN_BOOL_CONVERSION = YES;
				CLANG_WARN_CONSTANT_CONVERSION = YES;
				CLANG_WARN_DIRECT_OBJC_ISA_USAGE = YES_ERROR;
				CLANG_WARN_DOCUMENTATION_COMMENTS = YES;
				CLANG_WARN_EMPTY_BODY = YES;
				CLANG_WARN_ENUM_CONVERSION = YES;
				CLANG_WARN_INFINITE_RECURSION = YES;
				CLANG_WARN_INT_CONVERSION = YES;
				CLANG_WARN_OBJC_ROOT_CLASS = YES_ERROR;
				CLANG_WARN_SUSPICIOUS_MOVE = YES;
				CLANG_WARN_UNREACHABLE_CODE = YES;
				CLANG_WARN__DUPLICATE_METHOD_MATCH = YES;
				"CODE_SIGN_IDENTITY[sdk=iphoneos*]" = "iPhone Developer";
				COPY_PHASE_STRIP = NO;
				DEBUG_INFORMATION_FORMAT = "dwarf-with-dsym";
				ENABLE_NS_ASSERTIONS = NO;
				ENABLE_STRICT_OBJC_MSGSEND = YES;
				GCC_C_LANGUAGE_STANDARD = gnu99;
				GCC_NO_COMMON_BLOCKS = YES;
				GCC_WARN_64_TO_32_BIT_CONVERSION = YES;
				GCC_WARN_ABOUT_RETURN_TYPE = YES_ERROR;
				GCC_WARN_UNDECLARED_SELECTOR = YES;
				GCC_WARN_UNINITIALIZED_AUTOS = YES_AGGRESSIVE;
				GCC_WARN_UNUSED_FUNCTION = YES;
				GCC_WARN_UNUSED_VARIABLE = YES;
				IPHONEOS_DEPLOYMENT_TARGET = 10.3;
				MTL_ENABLE_DEBUG_INFO = NO;
				SDKROOT = iphoneos;
				VALIDATE_PRODUCT = YES;
			};
			name = Release;
		};
		B07300FB1F09D7E6006414A0 /* Debug */ = {
			isa = XCBuildConfiguration;
			baseConfigurationReference = FD7AF4A8002AD402C12842EE /* Pods-FitNess.debug.xcconfig */;
			buildSettings = {
				ASSETCATALOG_COMPILER_APPICON_NAME = AppIcon;
				CODE_SIGN_ENTITLEMENTS = FitNess/FitNess.entitlements;
				"CODE_SIGN_IDENTITY[sdk=iphoneos*]" = "iPhone Developer";
				DEVELOPMENT_TEAM = RDADXM2YR4;
				GCC_PRECOMPILE_PREFIX_HEADER = YES;
				GCC_PREFIX_HEADER = "$(SRCROOT)/FitNess/Classes/Header/PrefixHeader.pch";
				INFOPLIST_FILE = FitNess/Info.plist;
				IPHONEOS_DEPLOYMENT_TARGET = 8.0;
				LD_RUNPATH_SEARCH_PATHS = "$(inherited) @executable_path/Frameworks";
				PRODUCT_BUNDLE_IDENTIFIER = us.fitinfitness.exerciser;
				PRODUCT_NAME = "$(TARGET_NAME)";
				PROVISIONING_PROFILE = "a7e0132a-4d50-4f66-aee5-10ef5a073a0e";
				PROVISIONING_PROFILE_SPECIFIER = Fitinfitness.exerciser_Development0316;
			};
			name = Debug;
		};
		B07300FC1F09D7E6006414A0 /* Release */ = {
			isa = XCBuildConfiguration;
			baseConfigurationReference = 9052986DB863A38EB5CB4697 /* Pods-FitNess.release.xcconfig */;
			buildSettings = {
				ASSETCATALOG_COMPILER_APPICON_NAME = AppIcon;
				CODE_SIGN_ENTITLEMENTS = FitNess/FitNess.entitlements;
				"CODE_SIGN_IDENTITY[sdk=iphoneos*]" = "iPhone Developer";
				DEVELOPMENT_TEAM = "";
				GCC_PRECOMPILE_PREFIX_HEADER = YES;
				GCC_PREFIX_HEADER = "$(SRCROOT)/FitNess/Classes/Header/PrefixHeader.pch";
				INFOPLIST_FILE = FitNess/Info.plist;
				IPHONEOS_DEPLOYMENT_TARGET = 8.0;
				LD_RUNPATH_SEARCH_PATHS = "$(inherited) @executable_path/Frameworks";
				PRODUCT_BUNDLE_IDENTIFIER = us.fitinfitness.exerciser;
				PRODUCT_NAME = "$(TARGET_NAME)";
				PROVISIONING_PROFILE_SPECIFIER = "";
			};
			name = Release;
		};
/* End XCBuildConfiguration section */

/* Begin XCConfigurationList section */
		B07300DE1F09D7E6006414A0 /* Build configuration list for PBXProject "FitNess" */ = {
			isa = XCConfigurationList;
			buildConfigurations = (
				B07300F81F09D7E6006414A0 /* Debug */,
				B07300F91F09D7E6006414A0 /* Release */,
			);
			defaultConfigurationIsVisible = 0;
			defaultConfigurationName = Release;
		};
		B07300FA1F09D7E6006414A0 /* Build configuration list for PBXNativeTarget "FitNess" */ = {
			isa = XCConfigurationList;
			buildConfigurations = (
				B07300FB1F09D7E6006414A0 /* Debug */,
				B07300FC1F09D7E6006414A0 /* Release */,
			);
			defaultConfigurationIsVisible = 0;
			defaultConfigurationName = Release;
		};
/* End XCConfigurationList section */
	};
	rootObject = B07300DB1F09D7E6006414A0 /* Project object */;
}
